
Microsoft Visual Studio Solution File, Format Version 12.00
# Visual Studio Version 16
VisualStudioVersion = 16.0.31613.86
MinimumVisualStudioVersion = 10.0.40219.1
Project("{9A19103F-16F7-4668-BE54-9A1E7A4F7556}") = "ElegantRecorder", "ElegantRecorder.csproj", "{63D440CF-C4D2-4EDF-8099-F605B87E57C5}"
EndProject
Global
	GlobalSection(SolutionConfigurationPlatforms) = preSolution
		Debug|Any CPU = Debug|Any CPU
		Release|Any CPU = Release|Any CPU
	EndGlobalSection
	GlobalSection(ProjectConfigurationPlatforms) = postSolution
		{63D440CF-C4D2-4EDF-8099-F605B87E57C5}.Debug|Any CPU.ActiveCfg = Debug|Any CPU
		{63D440CF-C4D2-4EDF-8099-F605B87E57C5}.Debug|Any CPU.Build.0 = Debug|Any CPU
		{63D440CF-C4D2-4EDF-8099-F605B87E57C5}.Release|Any CPU.ActiveCfg = Release|Any CPU
		{63D440CF-C4D2-4EDF-8099-F605B87E57C5}.Release|Any CPU.Build.0 = Release|Any CPU
	EndGlobalSection
	GlobalSection(SolutionProperties) = preSolution
		HideSolutionNode = FALSE
	EndGlobalSection
	GlobalSection(ExtensibilityGlobals) = postSolution
		SolutionGuid = {A1CBB39A-36CC-4BCD-9E07-05B76CFDACA2}
	EndGlobalSection
EndGlobal
