
Microsoft Visual Studio Solution File, Format Version 12.00
# Visual Studio Version 17
VisualStudioVersion = 17.3.32929.385
MinimumVisualStudioVersion = 10.0.40219.1
Project("{9A19103F-16F7-4668-BE54-9A1E7A4F7556}") = "ElegantRecorder", "ElegantRecorder\ElegantRecorder.csproj", "{E9741EDC-885E-4A67-8C43-476E351B883C}"
EndProject
Project("{2150E333-8FDC-42A3-9474-1A3956D46DE8}") = "Solution Items", "Solution Items", "{38A274D5-7F09-41AB-A3C5-DABBB8668636}"
	ProjectSection(SolutionItems) = preProject
		readme.md = readme.md
	EndProjectSection
EndProject
Global
	GlobalSection(SolutionConfigurationPlatforms) = preSolution
		Debug|Any CPU = Debug|Any CPU
		Release|Any CPU = Release|Any CPU
	EndGlobalSection
	GlobalSection(ProjectConfigurationPlatforms) = postSolution
		{E9741EDC-885E-4A67-8C43-476E351B883C}.Debug|Any CPU.ActiveCfg = Debug|Any CPU
		{E9741EDC-885E-4A67-8C43-476E351B883C}.Debug|Any CPU.Build.0 = Debug|Any CPU
		{E9741EDC-885E-4A67-8C43-476E351B883C}.Release|Any CPU.ActiveCfg = Release|Any CPU
		{E9741EDC-885E-4A67-8C43-476E351B883C}.Release|Any CPU.Build.0 = Release|Any CPU
	EndGlobalSection
	GlobalSection(SolutionProperties) = preSolution
		HideSolutionNode = FALSE
	EndGlobalSection
	GlobalSection(ExtensibilityGlobals) = postSolution
		SolutionGuid = {A1CBB39A-36CC-4BCD-9E07-05B76CFDACA2}
	EndGlobalSection
EndGlobal
